
Microsoft Visual Studio Solution File, Format Version 12.00
# Visual Studio Version 17
VisualStudioVersion = 17.10.35122.118
MinimumVisualStudioVersion = 10.0.40219.1
Project("{FAE04EC0-301F-11D3-BF4B-00C04F79EFBC}") = "PrimeNumberChecking", "PrimeNumberChecking\PrimeNumberChecking.csproj", "{7CE7217B-7E0A-47D7-85B0-28F3647E4F9A}"
EndProject
Project("{FAE04EC0-301F-11D3-BF4B-00C04F79EFBC}") = "PrimeNumberCheckingTest", "PrimeNumberCheckingTest\PrimeNumberCheckingTest.csproj", "{D8C85162-1BD0-4C56-84B7-9CFA1FCE5E56}"
EndProject
Global
	GlobalSection(SolutionConfigurationPlatforms) = preSolution
		Debug|Any CPU = Debug|Any CPU
		Release|Any CPU = Release|Any CPU
	EndGlobalSection
	GlobalSection(ProjectConfigurationPlatforms) = postSolution
		{7CE7217B-7E0A-47D7-85B0-28F3647E4F9A}.Debug|Any CPU.ActiveCfg = Debug|Any CPU
		{7CE7217B-7E0A-47D7-85B0-28F3647E4F9A}.Debug|Any CPU.Build.0 = Debug|Any CPU
		{7CE7217B-7E0A-47D7-85B0-28F3647E4F9A}.Release|Any CPU.ActiveCfg = Release|Any CPU
		{7CE7217B-7E0A-47D7-85B0-28F3647E4F9A}.Release|Any CPU.Build.0 = Release|Any CPU
		{D8C85162-1BD0-4C56-84B7-9CFA1FCE5E56}.Debug|Any CPU.ActiveCfg = Debug|Any CPU
		{D8C85162-1BD0-4C56-84B7-9CFA1FCE5E56}.Debug|Any CPU.Build.0 = Debug|Any CPU
		{D8C85162-1BD0-4C56-84B7-9CFA1FCE5E56}.Release|Any CPU.ActiveCfg = Release|Any CPU
		{D8C85162-1BD0-4C56-84B7-9CFA1FCE5E56}.Release|Any CPU.Build.0 = Release|Any CPU
	EndGlobalSection
	GlobalSection(SolutionProperties) = preSolution
		HideSolutionNode = FALSE
	EndGlobalSection
	GlobalSection(ExtensibilityGlobals) = postSolution
		SolutionGuid = {49C4D04E-BBF2-442D-A97D-D83DF92B7FFA}
	EndGlobalSection
EndGlobal
